
Microsoft Visual Studio Solution File, Format Version 12.00
# Visual Studio Version 16
VisualStudioVersion = 16.0.30611.23
MinimumVisualStudioVersion = 10.0.40219.1
Project("{8BC9CEB8-8B4A-11D0-8D11-00A0C91BC942}") = "DGTU", "DGTU\DGTU.vcxproj", "{FEF42760-04DE-43F3-92DD-33742A340EB1}"
EndProject
Global
	GlobalSection(SolutionConfigurationPlatforms) = preSolution
		Debug|x64 = Debug|x64
		Debug|x86 = Debug|x86
		Release|x64 = Release|x64
		Release|x86 = Release|x86
	EndGlobalSection
	GlobalSection(ProjectConfigurationPlatforms) = postSolution
		{FEF42760-04DE-43F3-92DD-33742A340EB1}.Debug|x64.ActiveCfg = Debug|x64
		{FEF42760-04DE-43F3-92DD-33742A340EB1}.Debug|x64.Build.0 = Debug|x64
		{FEF42760-04DE-43F3-92DD-33742A340EB1}.Debug|x86.ActiveCfg = Debug|Win32
		{FEF42760-04DE-43F3-92DD-33742A340EB1}.Debug|x86.Build.0 = Debug|Win32
		{FEF42760-04DE-43F3-92DD-33742A340EB1}.Release|x64.ActiveCfg = Release|x64
		{FEF42760-04DE-43F3-92DD-33742A340EB1}.Release|x64.Build.0 = Release|x64
		{FEF42760-04DE-43F3-92DD-33742A340EB1}.Release|x86.ActiveCfg = Release|Win32
		{FEF42760-04DE-43F3-92DD-33742A340EB1}.Release|x86.Build.0 = Release|Win32
	EndGlobalSection
	GlobalSection(SolutionProperties) = preSolution
		HideSolutionNode = FALSE
	EndGlobalSection
	GlobalSection(ExtensibilityGlobals) = postSolution
		SolutionGuid = {B30F78D9-FC35-442B-99B5-08948BEA1113}
	EndGlobalSection
EndGlobal
